
Microsoft Visual Studio Solution File, Format Version 12.00
# Visual Studio 15
VisualStudioVersion = 15.0.26430.12
MinimumVisualStudioVersion = 10.0.40219.1
Project("{FAE04EC0-301F-11D3-BF4B-00C04F79EFBC}") = "ActivationFunctionViewer", "ActivationFunctionViewer.csproj", "{22011199-662A-48BA-B5D7-95B4B0A1A629}"
EndProject
Project("{FAE04EC0-301F-11D3-BF4B-00C04F79EFBC}") = "ActivationFnBenchmarks", "..\ActivationFnBenchmarks\ActivationFnBenchmarks.csproj", "{AE4A9C7C-025A-41C0-A4EA-717C96AFE541}"
EndProject
Global
	GlobalSection(SolutionConfigurationPlatforms) = preSolution
		Debug|Any CPU = Debug|Any CPU
		Release|Any CPU = Release|Any CPU
	EndGlobalSection
	GlobalSection(ProjectConfigurationPlatforms) = postSolution
		{22011199-662A-48BA-B5D7-95B4B0A1A629}.Debug|Any CPU.ActiveCfg = Debug|Any CPU
		{22011199-662A-48BA-B5D7-95B4B0A1A629}.Debug|Any CPU.Build.0 = Debug|Any CPU
		{22011199-662A-48BA-B5D7-95B4B0A1A629}.Release|Any CPU.ActiveCfg = Release|Any CPU
		{22011199-662A-48BA-B5D7-95B4B0A1A629}.Release|Any CPU.Build.0 = Release|Any CPU
		{AE4A9C7C-025A-41C0-A4EA-717C96AFE541}.Debug|Any CPU.ActiveCfg = Debug|Any CPU
		{AE4A9C7C-025A-41C0-A4EA-717C96AFE541}.Debug|Any CPU.Build.0 = Debug|Any CPU
		{AE4A9C7C-025A-41C0-A4EA-717C96AFE541}.Release|Any CPU.ActiveCfg = Release|Any CPU
		{AE4A9C7C-025A-41C0-A4EA-717C96AFE541}.Release|Any CPU.Build.0 = Release|Any CPU
	EndGlobalSection
	GlobalSection(SolutionProperties) = preSolution
		HideSolutionNode = FALSE
	EndGlobalSection
EndGlobal
