Microsoft Visual Studio Solution File, Format Version 9.00
# Visual C# Express 2005
Project("{FAE04EC0-301F-11D3-BF4B-00C04F79EFBC}") = "PreyCaptureSimulator", "PreyCaptureSimulator.csproj", "{EFBA4C59-8D4A-4F8D-828F-2D98DDEA8344}"
EndProject
Project("{FAE04EC0-301F-11D3-BF4B-00C04F79EFBC}") = "SharpNeatLib", "..\..\SharpNeatLib\SharpNeatLib.csproj", "{3A64602B-C5E0-4CB7-99B0-1FC6ABB4449A}"
EndProject
Project("{FAE04EC0-301F-11D3-BF4B-00C04F79EFBC}") = "RudyGraph", "..\..\..\..\RudyGraph\RudyGraph.csproj", "{7B0AB121-5140-4BE4-8200-9E661EEC52E3}"
EndProject
Project("{FAE04EC0-301F-11D3-BF4B-00C04F79EFBC}") = "SharpNeatExperiments", "..\..\Experiments\SharpNeatExperiments\SharpNeatExperiments.csproj", "{D9828EED-D730-40BF-9A1C-7C3D947E7689}"
EndProject
Global
	GlobalSection(SolutionConfigurationPlatforms) = preSolution
		Debug|Any CPU = Debug|Any CPU
		Release|Any CPU = Release|Any CPU
	EndGlobalSection
	GlobalSection(ProjectConfigurationPlatforms) = postSolution
		{EFBA4C59-8D4A-4F8D-828F-2D98DDEA8344}.Debug|Any CPU.ActiveCfg = Debug|Any CPU
		{EFBA4C59-8D4A-4F8D-828F-2D98DDEA8344}.Debug|Any CPU.Build.0 = Debug|Any CPU
		{EFBA4C59-8D4A-4F8D-828F-2D98DDEA8344}.Release|Any CPU.ActiveCfg = Release|Any CPU
		{EFBA4C59-8D4A-4F8D-828F-2D98DDEA8344}.Release|Any CPU.Build.0 = Release|Any CPU
		{3A64602B-C5E0-4CB7-99B0-1FC6ABB4449A}.Debug|Any CPU.ActiveCfg = Debug|Any CPU
		{3A64602B-C5E0-4CB7-99B0-1FC6ABB4449A}.Debug|Any CPU.Build.0 = Debug|Any CPU
		{3A64602B-C5E0-4CB7-99B0-1FC6ABB4449A}.Release|Any CPU.ActiveCfg = Release|Any CPU
		{3A64602B-C5E0-4CB7-99B0-1FC6ABB4449A}.Release|Any CPU.Build.0 = Release|Any CPU
		{7B0AB121-5140-4BE4-8200-9E661EEC52E3}.Debug|Any CPU.ActiveCfg = Debug|Any CPU
		{7B0AB121-5140-4BE4-8200-9E661EEC52E3}.Debug|Any CPU.Build.0 = Debug|Any CPU
		{7B0AB121-5140-4BE4-8200-9E661EEC52E3}.Release|Any CPU.ActiveCfg = Release|Any CPU
		{7B0AB121-5140-4BE4-8200-9E661EEC52E3}.Release|Any CPU.Build.0 = Release|Any CPU
		{D9828EED-D730-40BF-9A1C-7C3D947E7689}.Debug|Any CPU.ActiveCfg = Debug|Any CPU
		{D9828EED-D730-40BF-9A1C-7C3D947E7689}.Debug|Any CPU.Build.0 = Debug|Any CPU
		{D9828EED-D730-40BF-9A1C-7C3D947E7689}.Release|Any CPU.ActiveCfg = Release|Any CPU
		{D9828EED-D730-40BF-9A1C-7C3D947E7689}.Release|Any CPU.Build.0 = Release|Any CPU
	EndGlobalSection
	GlobalSection(SolutionProperties) = preSolution
		HideSolutionNode = FALSE
	EndGlobalSection
EndGlobal
