Microsoft Visual Studio Solution File, Format Version 8.00
Project("{FAE04EC0-301F-11D3-BF4B-00C04F79EFBC}") = "NeatParameterOptimizer", "NeatParameterOptimizer.csproj", "{A4918519-3719-4EB5-9318-9152C21DFCE0}"
	ProjectSection(ProjectDependencies) = postProject
	EndProjectSection
EndProject
Project("{FAE04EC0-301F-11D3-BF4B-00C04F79EFBC}") = "SharpNeatLib", "..\..\SharpNeatLib\SharpNeatLib.csproj", "{3A64602B-C5E0-4CB7-99B0-1FC6ABB4449A}"
	ProjectSection(ProjectDependencies) = postProject
	EndProjectSection
EndProject
Project("{FAE04EC0-301F-11D3-BF4B-00C04F79EFBC}") = "SharpNeatExperiments", "..\..\Experiments\SharpNeatExperiments\SharpNeatExperiments.csproj", "{D9828EED-D730-40BF-9A1C-7C3D947E7689}"
	ProjectSection(ProjectDependencies) = postProject
	EndProjectSection
EndProject
Project("{FAE04EC0-301F-11D3-BF4B-00C04F79EFBC}") = "RudyGraph", "..\..\..\..\RudyGraph\RudyGraph.csproj", "{7B0AB121-5140-4BE4-8200-9E661EEC52E3}"
	ProjectSection(ProjectDependencies) = postProject
	EndProjectSection
EndProject
Global
	GlobalSection(SolutionConfiguration) = preSolution
		Debug = Debug
		Release = Release
	EndGlobalSection
	GlobalSection(ProjectConfiguration) = postSolution
		{A4918519-3719-4EB5-9318-9152C21DFCE0}.Debug.ActiveCfg = Debug|.NET
		{A4918519-3719-4EB5-9318-9152C21DFCE0}.Debug.Build.0 = Debug|.NET
		{A4918519-3719-4EB5-9318-9152C21DFCE0}.Release.ActiveCfg = Release|.NET
		{A4918519-3719-4EB5-9318-9152C21DFCE0}.Release.Build.0 = Release|.NET
		{3A64602B-C5E0-4CB7-99B0-1FC6ABB4449A}.Debug.ActiveCfg = Debug|.NET
		{3A64602B-C5E0-4CB7-99B0-1FC6ABB4449A}.Debug.Build.0 = Debug|.NET
		{3A64602B-C5E0-4CB7-99B0-1FC6ABB4449A}.Release.ActiveCfg = Release|.NET
		{3A64602B-C5E0-4CB7-99B0-1FC6ABB4449A}.Release.Build.0 = Release|.NET
		{D9828EED-D730-40BF-9A1C-7C3D947E7689}.Debug.ActiveCfg = Debug|.NET
		{D9828EED-D730-40BF-9A1C-7C3D947E7689}.Debug.Build.0 = Debug|.NET
		{D9828EED-D730-40BF-9A1C-7C3D947E7689}.Release.ActiveCfg = Release|.NET
		{D9828EED-D730-40BF-9A1C-7C3D947E7689}.Release.Build.0 = Release|.NET
		{7B0AB121-5140-4BE4-8200-9E661EEC52E3}.Debug.ActiveCfg = Debug|.NET
		{7B0AB121-5140-4BE4-8200-9E661EEC52E3}.Debug.Build.0 = Debug|.NET
		{7B0AB121-5140-4BE4-8200-9E661EEC52E3}.Release.ActiveCfg = Release|.NET
		{7B0AB121-5140-4BE4-8200-9E661EEC52E3}.Release.Build.0 = Release|.NET
	EndGlobalSection
	GlobalSection(ExtensibilityGlobals) = postSolution
	EndGlobalSection
	GlobalSection(ExtensibilityAddIns) = postSolution
	EndGlobalSection
EndGlobal
