
Microsoft Visual Studio Solution File, Format Version 12.00
# Visual Studio Version 16
VisualStudioVersion = 16.0.28729.10
MinimumVisualStudioVersion = 10.0.40219.1
Project("{9A19103F-16F7-4668-BE54-9A1E7A4F7556}") = "SharpNeat", "SharpNeatLib\SharpNeat.csproj", "{29425503-9A5D-4C86-BB9B-CA17A7742E6A}"
EndProject
Project("{9A19103F-16F7-4668-BE54-9A1E7A4F7556}") = "TestApp1", "Tests\TestApp1\TestApp1.csproj", "{03EC1CBF-0266-4CE8-952A-68E67ACBCFB2}"
EndProject
Project("{9A19103F-16F7-4668-BE54-9A1E7A4F7556}") = "SharpNeat.Tasks", "SharpNeatTasks\SharpNeat.Tasks.csproj", "{3562605D-7C6B-459C-B116-498DD7A2B078}"
EndProject
Project("{9A19103F-16F7-4668-BE54-9A1E7A4F7556}") = "SharpNeatLib.Tests", "Tests\SharpNeatLib.Tests\SharpNeatLib.Tests.csproj", "{5E3094A9-15D0-4F62-A8C1-170CA0B545D6}"
EndProject
Project("{9A19103F-16F7-4668-BE54-9A1E7A4F7556}") = "SharpNeat.Benchmarks", "Benchmarks\SharpNeatLib.Benchmarks\SharpNeat.Benchmarks.csproj", "{4F98BC33-286F-49DE-9884-D80438DF656D}"
EndProject
Project("{2150E333-8FDC-42A3-9474-1A3956D46DE8}") = "Tests", "Tests", "{858A8951-5952-40D8-8F62-8F6537B89FD3}"
EndProject
Project("{9A19103F-16F7-4668-BE54-9A1E7A4F7556}") = "SharpNeatTasks.Tests", "SharpNeatTasks.Tests\SharpNeatTasks.Tests.csproj", "{331608F1-832B-4D8A-BEC8-78C524DA08E7}"
EndProject
Project("{2150E333-8FDC-42A3-9474-1A3956D46DE8}") = "Benchmarks", "Benchmarks", "{13A413E1-46CC-4497-BFE5-E900D82F10C5}"
EndProject
Project("{9A19103F-16F7-4668-BE54-9A1E7A4F7556}") = "SharpNeat.Tasks.Benchmarks", "Benchmarks\SharpNeatTasks.Benchmarks\SharpNeat.Tasks.Benchmarks.csproj", "{F7007E70-D898-4F93-BBB0-5D7C6A0B55F6}"
EndProject
Project("{9A19103F-16F7-4668-BE54-9A1E7A4F7556}") = "TestsLib", "TestsLib\TestsLib.csproj", "{D786F3C3-F391-4568-B512-3B1A4E6F24F5}"
EndProject
Project("{9A19103F-16F7-4668-BE54-9A1E7A4F7556}") = "EfficacySampler", "EfficacySampler\EfficacySampler.csproj", "{134D2702-EFFE-4782-99CD-1A358190BE28}"
EndProject
Global
	GlobalSection(SolutionConfigurationPlatforms) = preSolution
		Debug|Any CPU = Debug|Any CPU
		Release|Any CPU = Release|Any CPU
	EndGlobalSection
	GlobalSection(ProjectConfigurationPlatforms) = postSolution
		{29425503-9A5D-4C86-BB9B-CA17A7742E6A}.Debug|Any CPU.ActiveCfg = Debug|Any CPU
		{29425503-9A5D-4C86-BB9B-CA17A7742E6A}.Debug|Any CPU.Build.0 = Debug|Any CPU
		{29425503-9A5D-4C86-BB9B-CA17A7742E6A}.Release|Any CPU.ActiveCfg = Release|Any CPU
		{29425503-9A5D-4C86-BB9B-CA17A7742E6A}.Release|Any CPU.Build.0 = Release|Any CPU
		{03EC1CBF-0266-4CE8-952A-68E67ACBCFB2}.Debug|Any CPU.ActiveCfg = Debug|Any CPU
		{03EC1CBF-0266-4CE8-952A-68E67ACBCFB2}.Debug|Any CPU.Build.0 = Debug|Any CPU
		{03EC1CBF-0266-4CE8-952A-68E67ACBCFB2}.Release|Any CPU.ActiveCfg = Release|Any CPU
		{03EC1CBF-0266-4CE8-952A-68E67ACBCFB2}.Release|Any CPU.Build.0 = Release|Any CPU
		{3562605D-7C6B-459C-B116-498DD7A2B078}.Debug|Any CPU.ActiveCfg = Debug|Any CPU
		{3562605D-7C6B-459C-B116-498DD7A2B078}.Debug|Any CPU.Build.0 = Debug|Any CPU
		{3562605D-7C6B-459C-B116-498DD7A2B078}.Release|Any CPU.ActiveCfg = Release|Any CPU
		{3562605D-7C6B-459C-B116-498DD7A2B078}.Release|Any CPU.Build.0 = Release|Any CPU
		{5E3094A9-15D0-4F62-A8C1-170CA0B545D6}.Debug|Any CPU.ActiveCfg = Debug|Any CPU
		{5E3094A9-15D0-4F62-A8C1-170CA0B545D6}.Debug|Any CPU.Build.0 = Debug|Any CPU
		{5E3094A9-15D0-4F62-A8C1-170CA0B545D6}.Release|Any CPU.ActiveCfg = Release|Any CPU
		{5E3094A9-15D0-4F62-A8C1-170CA0B545D6}.Release|Any CPU.Build.0 = Release|Any CPU
		{4F98BC33-286F-49DE-9884-D80438DF656D}.Debug|Any CPU.ActiveCfg = Debug|Any CPU
		{4F98BC33-286F-49DE-9884-D80438DF656D}.Debug|Any CPU.Build.0 = Debug|Any CPU
		{4F98BC33-286F-49DE-9884-D80438DF656D}.Release|Any CPU.ActiveCfg = Release|Any CPU
		{4F98BC33-286F-49DE-9884-D80438DF656D}.Release|Any CPU.Build.0 = Release|Any CPU
		{331608F1-832B-4D8A-BEC8-78C524DA08E7}.Debug|Any CPU.ActiveCfg = Debug|Any CPU
		{331608F1-832B-4D8A-BEC8-78C524DA08E7}.Debug|Any CPU.Build.0 = Debug|Any CPU
		{331608F1-832B-4D8A-BEC8-78C524DA08E7}.Release|Any CPU.ActiveCfg = Release|Any CPU
		{331608F1-832B-4D8A-BEC8-78C524DA08E7}.Release|Any CPU.Build.0 = Release|Any CPU
		{F7007E70-D898-4F93-BBB0-5D7C6A0B55F6}.Debug|Any CPU.ActiveCfg = Debug|Any CPU
		{F7007E70-D898-4F93-BBB0-5D7C6A0B55F6}.Debug|Any CPU.Build.0 = Debug|Any CPU
		{F7007E70-D898-4F93-BBB0-5D7C6A0B55F6}.Release|Any CPU.ActiveCfg = Release|Any CPU
		{F7007E70-D898-4F93-BBB0-5D7C6A0B55F6}.Release|Any CPU.Build.0 = Release|Any CPU
		{D786F3C3-F391-4568-B512-3B1A4E6F24F5}.Debug|Any CPU.ActiveCfg = Debug|Any CPU
		{D786F3C3-F391-4568-B512-3B1A4E6F24F5}.Debug|Any CPU.Build.0 = Debug|Any CPU
		{D786F3C3-F391-4568-B512-3B1A4E6F24F5}.Release|Any CPU.ActiveCfg = Release|Any CPU
		{D786F3C3-F391-4568-B512-3B1A4E6F24F5}.Release|Any CPU.Build.0 = Release|Any CPU
		{134D2702-EFFE-4782-99CD-1A358190BE28}.Debug|Any CPU.ActiveCfg = Debug|Any CPU
		{134D2702-EFFE-4782-99CD-1A358190BE28}.Debug|Any CPU.Build.0 = Debug|Any CPU
		{134D2702-EFFE-4782-99CD-1A358190BE28}.Release|Any CPU.ActiveCfg = Release|Any CPU
		{134D2702-EFFE-4782-99CD-1A358190BE28}.Release|Any CPU.Build.0 = Release|Any CPU
	EndGlobalSection
	GlobalSection(SolutionProperties) = preSolution
		HideSolutionNode = FALSE
	EndGlobalSection
	GlobalSection(NestedProjects) = preSolution
		{03EC1CBF-0266-4CE8-952A-68E67ACBCFB2} = {858A8951-5952-40D8-8F62-8F6537B89FD3}
		{5E3094A9-15D0-4F62-A8C1-170CA0B545D6} = {858A8951-5952-40D8-8F62-8F6537B89FD3}
		{4F98BC33-286F-49DE-9884-D80438DF656D} = {13A413E1-46CC-4497-BFE5-E900D82F10C5}
		{331608F1-832B-4D8A-BEC8-78C524DA08E7} = {858A8951-5952-40D8-8F62-8F6537B89FD3}
		{F7007E70-D898-4F93-BBB0-5D7C6A0B55F6} = {13A413E1-46CC-4497-BFE5-E900D82F10C5}
		{D786F3C3-F391-4568-B512-3B1A4E6F24F5} = {858A8951-5952-40D8-8F62-8F6537B89FD3}
	EndGlobalSection
	GlobalSection(ExtensibilityGlobals) = postSolution
		SolutionGuid = {E02B3A0A-4C61-41CA-AD15-E8A9C318ADBB}
	EndGlobalSection
EndGlobal
