
Microsoft Visual Studio Solution File, Format Version 12.00
# Visual Studio 15
VisualStudioVersion = 15.0.26430.14
MinimumVisualStudioVersion = 10.0.40219.1
Project("{FAE04EC0-301F-11D3-BF4B-00C04F79EFBC}") = "SharpNeatLib", "SharpNeatLib\SharpNeatLib.csproj", "{29425503-9A5D-4C86-BB9B-CA17A7742E6A}"
EndProject
Project("{FAE04EC0-301F-11D3-BF4B-00C04F79EFBC}") = "TestApp1", "TestApp1\TestApp1.csproj", "{03EC1CBF-0266-4CE8-952A-68E67ACBCFB2}"
EndProject
Project("{FAE04EC0-301F-11D3-BF4B-00C04F79EFBC}") = "SharpNeatTasks", "SharpNeatTasks\SharpNeatTasks.csproj", "{3562605D-7C6B-459C-B116-498DD7A2B078}"
EndProject
Global
	GlobalSection(SolutionConfigurationPlatforms) = preSolution
		Debug|Any CPU = Debug|Any CPU
		Release|Any CPU = Release|Any CPU
	EndGlobalSection
	GlobalSection(ProjectConfigurationPlatforms) = postSolution
		{29425503-9A5D-4C86-BB9B-CA17A7742E6A}.Debug|Any CPU.ActiveCfg = Debug|Any CPU
		{29425503-9A5D-4C86-BB9B-CA17A7742E6A}.Debug|Any CPU.Build.0 = Debug|Any CPU
		{29425503-9A5D-4C86-BB9B-CA17A7742E6A}.Release|Any CPU.ActiveCfg = Release|Any CPU
		{29425503-9A5D-4C86-BB9B-CA17A7742E6A}.Release|Any CPU.Build.0 = Release|Any CPU
		{03EC1CBF-0266-4CE8-952A-68E67ACBCFB2}.Debug|Any CPU.ActiveCfg = Debug|Any CPU
		{03EC1CBF-0266-4CE8-952A-68E67ACBCFB2}.Debug|Any CPU.Build.0 = Debug|Any CPU
		{03EC1CBF-0266-4CE8-952A-68E67ACBCFB2}.Release|Any CPU.ActiveCfg = Release|Any CPU
		{03EC1CBF-0266-4CE8-952A-68E67ACBCFB2}.Release|Any CPU.Build.0 = Release|Any CPU
		{3562605D-7C6B-459C-B116-498DD7A2B078}.Debug|Any CPU.ActiveCfg = Debug|Any CPU
		{3562605D-7C6B-459C-B116-498DD7A2B078}.Debug|Any CPU.Build.0 = Debug|Any CPU
		{3562605D-7C6B-459C-B116-498DD7A2B078}.Release|Any CPU.ActiveCfg = Release|Any CPU
		{3562605D-7C6B-459C-B116-498DD7A2B078}.Release|Any CPU.Build.0 = Release|Any CPU
	EndGlobalSection
	GlobalSection(SolutionProperties) = preSolution
		HideSolutionNode = FALSE
	EndGlobalSection
EndGlobal
